
Microsoft Visual Studio Solution File, Format Version 12.00
# Visual Studio Version 17
VisualStudioVersion = 17.0.32112.339
MinimumVisualStudioVersion = 10.0.40219.1
Project("{FAE04EC0-301F-11D3-BF4B-00C04F79EFBC}") = "API Gestionnaire de Vacataire", "API Gestionnaire de Vacataire.csproj", "{1F476813-0A7C-4ECB-A48D-AECB5E520512}"
EndProject
Global
	GlobalSection(SolutionConfigurationPlatforms) = preSolution
		Debug|Any CPU = Debug|Any CPU
		Release|Any CPU = Release|Any CPU
	EndGlobalSection
	GlobalSection(ProjectConfigurationPlatforms) = postSolution
		{1F476813-0A7C-4ECB-A48D-AECB5E520512}.Debug|Any CPU.ActiveCfg = Debug|Any CPU
		{1F476813-0A7C-4ECB-A48D-AECB5E520512}.Debug|Any CPU.Build.0 = Debug|Any CPU
		{1F476813-0A7C-4ECB-A48D-AECB5E520512}.Release|Any CPU.ActiveCfg = Release|Any CPU
		{1F476813-0A7C-4ECB-A48D-AECB5E520512}.Release|Any CPU.Build.0 = Release|Any CPU
	EndGlobalSection
	GlobalSection(SolutionProperties) = preSolution
		HideSolutionNode = FALSE
	EndGlobalSection
	GlobalSection(ExtensibilityGlobals) = postSolution
		SolutionGuid = {CAB095FB-A8DE-488A-84B5-630215E280B0}
	EndGlobalSection
EndGlobal
